<Solution>
  <Folder Name="/src/">
    <Project Path="src/ALaCarte.Cli/ALaCarte.Cli.csproj" />
    <Project Path="src/ALaCarte.Core/ALaCarte.Core.csproj" />
  </Folder>
  <Folder Name="/tests/">
    <Project Path="tests/ALaCarte.Core.UnitTests/ALaCarte.Core.UnitTests.csproj" />
    <Project Path="tests/ALaCarte.BoundaryInterface.Tests/ALaCarte.BoundaryInterface.Tests.csproj" />
  </Folder>
</Solution>
